
Microsoft Visual Studio Solution File, Format Version 12.00
# Visual Studio 15
VisualStudioVersion = 15.0.27428.2015
MinimumVisualStudioVersion = 10.0.40219.1
Project("{FAE04EC0-301F-11D3-BF4B-00C04F79EFBC}") = "TESTE_Xadrez", "TESTE_Xadrez\TESTE_Xadrez.csproj", "{A87561A0-4761-4AF8-B4A7-BA76A4F2C925}"
EndProject
Global
	GlobalSection(SolutionConfigurationPlatforms) = preSolution
		Debug|Any CPU = Debug|Any CPU
		Release|Any CPU = Release|Any CPU
	EndGlobalSection
	GlobalSection(ProjectConfigurationPlatforms) = postSolution
		{A87561A0-4761-4AF8-B4A7-BA76A4F2C925}.Debug|Any CPU.ActiveCfg = Debug|Any CPU
		{A87561A0-4761-4AF8-B4A7-BA76A4F2C925}.Debug|Any CPU.Build.0 = Debug|Any CPU
		{A87561A0-4761-4AF8-B4A7-BA76A4F2C925}.Release|Any CPU.ActiveCfg = Release|Any CPU
		{A87561A0-4761-4AF8-B4A7-BA76A4F2C925}.Release|Any CPU.Build.0 = Release|Any CPU
	EndGlobalSection
	GlobalSection(SolutionProperties) = preSolution
		HideSolutionNode = FALSE
	EndGlobalSection
	GlobalSection(ExtensibilityGlobals) = postSolution
		SolutionGuid = {14334F31-F2B0-4896-A290-388078793C4D}
	EndGlobalSection
EndGlobal
